
Microsoft Visual Studio Solution File, Format Version 12.00
# Visual Studio 2012
Project("{9A19103F-16F7-4668-BE54-9A1E7A4F7556}") = "IconCreator", "IconCreator\IconCreator.csproj", "{8B3D785B-F3B5-4E41-8398-7E28AB1D966D}"
EndProject
Global
	GlobalSection(SolutionConfigurationPlatforms) = preSolution
		Debug|Any CPU = Debug|Any CPU
		Release|Any CPU = Release|Any CPU
	EndGlobalSection
	GlobalSection(ProjectConfigurationPlatforms) = postSolution
		{8B3D785B-F3B5-4E41-8398-7E28AB1D966D}.Debug|Any CPU.ActiveCfg = Debug|Any CPU
		{8B3D785B-F3B5-4E41-8398-7E28AB1D966D}.Debug|Any CPU.Build.0 = Debug|Any CPU
		{8B3D785B-F3B5-4E41-8398-7E28AB1D966D}.Release|Any CPU.ActiveCfg = Release|Any CPU
		{8B3D785B-F3B5-4E41-8398-7E28AB1D966D}.Release|Any CPU.Build.0 = Release|Any CPU
	EndGlobalSection
	GlobalSection(SolutionProperties) = preSolution
		HideSolutionNode = FALSE
	EndGlobalSection
EndGlobal
